
Microsoft Visual Studio Solution File, Format Version 12.00
# Visual Studio Version 17
VisualStudioVersion = 17.9.34616.47
MinimumVisualStudioVersion = 10.0.40219.1
Project("{FAE04EC0-301F-11D3-BF4B-00C04F79EFBC}") = "TanksGame", "TanksGame\TanksGame.csproj", "{FE5F6087-68CC-440D-81F1-C5BBE5B41FD3}"
EndProject
Global
	GlobalSection(SolutionConfigurationPlatforms) = preSolution
		Debug|Any CPU = Debug|Any CPU
		Release|Any CPU = Release|Any CPU
	EndGlobalSection
	GlobalSection(ProjectConfigurationPlatforms) = postSolution
		{FE5F6087-68CC-440D-81F1-C5BBE5B41FD3}.Debug|Any CPU.ActiveCfg = Debug|Any CPU
		{FE5F6087-68CC-440D-81F1-C5BBE5B41FD3}.Debug|Any CPU.Build.0 = Debug|Any CPU
		{FE5F6087-68CC-440D-81F1-C5BBE5B41FD3}.Release|Any CPU.ActiveCfg = Release|Any CPU
		{FE5F6087-68CC-440D-81F1-C5BBE5B41FD3}.Release|Any CPU.Build.0 = Release|Any CPU
	EndGlobalSection
	GlobalSection(SolutionProperties) = preSolution
		HideSolutionNode = FALSE
	EndGlobalSection
	GlobalSection(ExtensibilityGlobals) = postSolution
		SolutionGuid = {5A337EF6-F38B-4ED7-8001-1D0505F02A5C}
	EndGlobalSection
EndGlobal
